
Microsoft Visual Studio Solution File, Format Version 12.00
# Visual Studio 15
VisualStudioVersion = 15.0.27428.1
MinimumVisualStudioVersion = 10.0.40219.1
Project("{FAE04EC0-301F-11D3-BF4B-00C04F79EFBC}") = "test", "test\test.csproj", "{B67165BC-6DCB-4FD3-89E6-7F1D9ACCC113}"
EndProject
Project("{FAE04EC0-301F-11D3-BF4B-00C04F79EFBC}") = "RoboclawClassLib", "RoboclawClassLib\RoboclawClassLib\RoboclawClassLib\RoboclawClassLib.csproj", "{A16C69A7-5482-4BF1-B240-891C1E77CB24}"
EndProject
Project("{FAE04EC0-301F-11D3-BF4B-00C04F79EFBC}") = "RoboclawClassLibUWP", "RoboclawClassLibUWP\RoboclawClassLibUWP.csproj", "{2C14FC9E-7CD0-49EF-9A9D-EEF3DC356658}"
EndProject
Global
	GlobalSection(SolutionConfigurationPlatforms) = preSolution
		Debug|Any CPU = Debug|Any CPU
		Debug|ARM = Debug|ARM
		Debug|x64 = Debug|x64
		Debug|x86 = Debug|x86
		Release|Any CPU = Release|Any CPU
		Release|ARM = Release|ARM
		Release|x64 = Release|x64
		Release|x86 = Release|x86
	EndGlobalSection
	GlobalSection(ProjectConfigurationPlatforms) = postSolution
		{B67165BC-6DCB-4FD3-89E6-7F1D9ACCC113}.Debug|Any CPU.ActiveCfg = Debug|x86
		{B67165BC-6DCB-4FD3-89E6-7F1D9ACCC113}.Debug|ARM.ActiveCfg = Debug|ARM
		{B67165BC-6DCB-4FD3-89E6-7F1D9ACCC113}.Debug|ARM.Build.0 = Debug|ARM
		{B67165BC-6DCB-4FD3-89E6-7F1D9ACCC113}.Debug|ARM.Deploy.0 = Debug|ARM
		{B67165BC-6DCB-4FD3-89E6-7F1D9ACCC113}.Debug|x64.ActiveCfg = Debug|x64
		{B67165BC-6DCB-4FD3-89E6-7F1D9ACCC113}.Debug|x64.Build.0 = Debug|x64
		{B67165BC-6DCB-4FD3-89E6-7F1D9ACCC113}.Debug|x64.Deploy.0 = Debug|x64
		{B67165BC-6DCB-4FD3-89E6-7F1D9ACCC113}.Debug|x86.ActiveCfg = Debug|x86
		{B67165BC-6DCB-4FD3-89E6-7F1D9ACCC113}.Debug|x86.Build.0 = Debug|x86
		{B67165BC-6DCB-4FD3-89E6-7F1D9ACCC113}.Debug|x86.Deploy.0 = Debug|x86
		{B67165BC-6DCB-4FD3-89E6-7F1D9ACCC113}.Release|Any CPU.ActiveCfg = Release|x86
		{B67165BC-6DCB-4FD3-89E6-7F1D9ACCC113}.Release|ARM.ActiveCfg = Release|ARM
		{B67165BC-6DCB-4FD3-89E6-7F1D9ACCC113}.Release|ARM.Build.0 = Release|ARM
		{B67165BC-6DCB-4FD3-89E6-7F1D9ACCC113}.Release|ARM.Deploy.0 = Release|ARM
		{B67165BC-6DCB-4FD3-89E6-7F1D9ACCC113}.Release|x64.ActiveCfg = Release|x64
		{B67165BC-6DCB-4FD3-89E6-7F1D9ACCC113}.Release|x64.Build.0 = Release|x64
		{B67165BC-6DCB-4FD3-89E6-7F1D9ACCC113}.Release|x64.Deploy.0 = Release|x64
		{B67165BC-6DCB-4FD3-89E6-7F1D9ACCC113}.Release|x86.ActiveCfg = Release|x86
		{B67165BC-6DCB-4FD3-89E6-7F1D9ACCC113}.Release|x86.Build.0 = Release|x86
		{B67165BC-6DCB-4FD3-89E6-7F1D9ACCC113}.Release|x86.Deploy.0 = Release|x86
		{A16C69A7-5482-4BF1-B240-891C1E77CB24}.Debug|Any CPU.ActiveCfg = Debug|x86
		{A16C69A7-5482-4BF1-B240-891C1E77CB24}.Debug|ARM.ActiveCfg = Debug|x86
		{A16C69A7-5482-4BF1-B240-891C1E77CB24}.Debug|x64.ActiveCfg = Debug|x86
		{A16C69A7-5482-4BF1-B240-891C1E77CB24}.Debug|x86.ActiveCfg = Debug|x86
		{A16C69A7-5482-4BF1-B240-891C1E77CB24}.Debug|x86.Build.0 = Debug|x86
		{A16C69A7-5482-4BF1-B240-891C1E77CB24}.Release|Any CPU.ActiveCfg = Release|x86
		{A16C69A7-5482-4BF1-B240-891C1E77CB24}.Release|ARM.ActiveCfg = Release|x86
		{A16C69A7-5482-4BF1-B240-891C1E77CB24}.Release|x64.ActiveCfg = Release|x86
		{A16C69A7-5482-4BF1-B240-891C1E77CB24}.Release|x86.ActiveCfg = Release|x86
		{A16C69A7-5482-4BF1-B240-891C1E77CB24}.Release|x86.Build.0 = Release|x86
		{2C14FC9E-7CD0-49EF-9A9D-EEF3DC356658}.Debug|Any CPU.ActiveCfg = Debug|Any CPU
		{2C14FC9E-7CD0-49EF-9A9D-EEF3DC356658}.Debug|Any CPU.Build.0 = Debug|Any CPU
		{2C14FC9E-7CD0-49EF-9A9D-EEF3DC356658}.Debug|ARM.ActiveCfg = Debug|ARM
		{2C14FC9E-7CD0-49EF-9A9D-EEF3DC356658}.Debug|ARM.Build.0 = Debug|ARM
		{2C14FC9E-7CD0-49EF-9A9D-EEF3DC356658}.Debug|x64.ActiveCfg = Debug|x64
		{2C14FC9E-7CD0-49EF-9A9D-EEF3DC356658}.Debug|x64.Build.0 = Debug|x64
		{2C14FC9E-7CD0-49EF-9A9D-EEF3DC356658}.Debug|x86.ActiveCfg = Debug|x86
		{2C14FC9E-7CD0-49EF-9A9D-EEF3DC356658}.Debug|x86.Build.0 = Debug|x86
		{2C14FC9E-7CD0-49EF-9A9D-EEF3DC356658}.Release|Any CPU.ActiveCfg = Release|Any CPU
		{2C14FC9E-7CD0-49EF-9A9D-EEF3DC356658}.Release|Any CPU.Build.0 = Release|Any CPU
		{2C14FC9E-7CD0-49EF-9A9D-EEF3DC356658}.Release|ARM.ActiveCfg = Release|ARM
		{2C14FC9E-7CD0-49EF-9A9D-EEF3DC356658}.Release|ARM.Build.0 = Release|ARM
		{2C14FC9E-7CD0-49EF-9A9D-EEF3DC356658}.Release|x64.ActiveCfg = Release|x64
		{2C14FC9E-7CD0-49EF-9A9D-EEF3DC356658}.Release|x64.Build.0 = Release|x64
		{2C14FC9E-7CD0-49EF-9A9D-EEF3DC356658}.Release|x86.ActiveCfg = Release|x86
		{2C14FC9E-7CD0-49EF-9A9D-EEF3DC356658}.Release|x86.Build.0 = Release|x86
	EndGlobalSection
	GlobalSection(SolutionProperties) = preSolution
		HideSolutionNode = FALSE
	EndGlobalSection
	GlobalSection(ExtensibilityGlobals) = postSolution
		SolutionGuid = {409AA9A4-409A-4C5E-8F8D-D9442230E767}
	EndGlobalSection
EndGlobal
